format=aos-realm-development-image-1
sources_lock_blake3=a7c4dffa8701763e7f71b16be5bb28dfd3caa232636eab44e012fc244b15a3fe
rootfs_stage_bytes=361898088
rootfs_stage_sha256=d0c4e18c94fcceea5849466f82f770d9feb674c1ede92599510bb95779793c8e
system_stage_bytes=327516160
system_stage_sha256=22f2c1816a45f37e7c0e453084490a12d669c65bf51898f07e7e36fe496f231d
astrid_build_input_sha256=0c2bc8cd9eb542f893be7b4ca7c9ca45754abce43ed707cd7c9551fd9f7e7fdb
rustup_input_sha256=9888d383f970c2304d8afb13ffb9f0dd9e35a7ce8b5e57bfaae17d62c1ec99e3
astrid_build_shipped_sha256=b9d84ea9a961cefadf6c28e7492034f718e4251930bd4c4ebbce7b8395ef5922
rustup_shipped_sha256=5540d4f33a0010336789b472338d4b1da0dc5cfefbca0da6ea1147602994c190
rust_lld_shipped_sha256=2797661e7295ca01ecfeac504de4aeeaaa8ec1ed794e1bbde09c841baba1e2ab
rootfs_cpio_bytes=368105467
rootfs_cpio_sha256=82e153d539b988f58694989812adc7aaecbcca63a35fabd9ac941874b898087a
system_squashfs_bytes=333258752
system_squashfs_sha256=4460e0cdc883922a4ab68180f4ed8f0752cf34fe4659d14e3260826d20d1063a
system_squashfs_blake3=c436bb2bfe0941f183f58f0e2e56df05a4bc03f01147ad1d095f48df0004afaa
bootstrap_cpio_bytes=472576
bootstrap_cpio_sha256=813700a6e5bf4c9f465f2f8e50cbaebeba5e520e15127766cecba6d0b6c1ed8e
image_bytes=3775848
image_sha256=1a010ecb701ff5397ebb92a12ac739993a05ef12ec76283392df2531e727a981
image_blake3=60cc6c3c01222a3a33b108593974de5636747b32cacc10bf8c0f45c1cdd8b285
