format=aos-rv64-checkpoint-1
machine_model=aos-rv64-virt-v1
ram_bytes=1073741824
max_console_bytes=65536
hart_count=1
linux_image_blake3=0139c1ec8d514df182fc760e623ff5850dba8b012719e7f6789081779ef65c05
system_image_blake3=c436bb2bfe0941f183f58f0e2e56df05a4bc03f01147ad1d095f48df0004afaa
host_suspension_channel=1
charged_steps_before_suspension=35978939
checkpoint_bytes=22526347
checkpoint_sha256=2339619c53a7d33faf03bcd1e0570f171c878662e06ea651b7680df46b1c5a7f
checkpoint_blake3=15fe4d8789182917fc90b3f939ffadac0d65ab38304edfa49506007e87a4ab43
