format=aos-rv64-checkpoint-1
machine_model=aos-rv64-virt-v1
ram_bytes=1073741824
max_console_bytes=65536
hart_count=1
linux_image_blake3=60cc6c3c01222a3a33b108593974de5636747b32cacc10bf8c0f45c1cdd8b285
system_image_blake3=c436bb2bfe0941f183f58f0e2e56df05a4bc03f01147ad1d095f48df0004afaa
host_suspension_channel=1
charged_steps_before_suspension=35932587
checkpoint_bytes=22505847
checkpoint_sha256=46ad8542d79da363342b00eb061ca7d59bc9f796472c5fc8d7ec54a999e840be
checkpoint_blake3=59c7a2cb08f4fec01d6bd0ba1351a9c7d4b3fa3eecff7578ed9bbfc6229835fd
