format=aos-rv64-checkpoint-1
machine_model=aos-rv64-virt-v1
ram_bytes=1073741824
max_console_bytes=65536
hart_count=2
linux_image_blake3=60cc6c3c01222a3a33b108593974de5636747b32cacc10bf8c0f45c1cdd8b285
system_image_blake3=c436bb2bfe0941f183f58f0e2e56df05a4bc03f01147ad1d095f48df0004afaa
host_suspension_channel=1
charged_steps_before_suspension=46431093
checkpoint_bytes=22773044
checkpoint_sha256=59aaa5e2f6764b9f027874be9d137aa100e47ad73f5eaf2bd889ded7ecd0a379
checkpoint_blake3=c5434f61273eed03cba7eb5db724a134373446a0e9819b12a53c4682347c2b33
